
Microsoft Visual Studio Solution File, Format Version 12.00
# Visual Studio Version 17
VisualStudioVersion = 17.8.34112.27
MinimumVisualStudioVersion = 10.0.40219.1
Project("{9A19103F-16F7-4668-BE54-9A1E7A4F7556}") = "Oasis_Visual_Pipelines", "Oasis_Visual_Pipelines\Oasis_Visual_Pipelines.csproj", "{08F2E240-7A3E-45A7-B359-7C1C6B9A7CBC}"
EndProject
Project("{9A19103F-16F7-4668-BE54-9A1E7A4F7556}") = "ExampleApplication", "ExampleApplication\ExampleApplication.csproj", "{A09A2271-C460-40AF-A22A-F792152E83B1}"
EndProject
Project("{2150E333-8FDC-42A3-9474-1A3956D46DE8}") = "Solution Items", "Solution Items", "{6A55F1A1-9D0C-4E73-A654-E6190266F268}"
	ProjectSection(SolutionItems) = preProject
		.editorconfig = .editorconfig
	EndProjectSection
EndProject
Project("{FAE04EC0-301F-11D3-BF4B-00C04F79EFBC}") = "Oasis_Visual_Pipelines.Operations", "Oasis_Visual_Pipelines.Operations\Oasis_Visual_Pipelines.Operations.csproj", "{809BF082-489D-48D2-97FD-A4ED6753F655}"
EndProject
Global
	GlobalSection(SolutionConfigurationPlatforms) = preSolution
		Debug|Any CPU = Debug|Any CPU
		Release|Any CPU = Release|Any CPU
	EndGlobalSection
	GlobalSection(ProjectConfigurationPlatforms) = postSolution
		{08F2E240-7A3E-45A7-B359-7C1C6B9A7CBC}.Debug|Any CPU.ActiveCfg = Debug|Any CPU
		{08F2E240-7A3E-45A7-B359-7C1C6B9A7CBC}.Debug|Any CPU.Build.0 = Debug|Any CPU
		{08F2E240-7A3E-45A7-B359-7C1C6B9A7CBC}.Release|Any CPU.ActiveCfg = Release|Any CPU
		{08F2E240-7A3E-45A7-B359-7C1C6B9A7CBC}.Release|Any CPU.Build.0 = Release|Any CPU
		{A09A2271-C460-40AF-A22A-F792152E83B1}.Debug|Any CPU.ActiveCfg = Debug|Any CPU
		{A09A2271-C460-40AF-A22A-F792152E83B1}.Debug|Any CPU.Build.0 = Debug|Any CPU
		{A09A2271-C460-40AF-A22A-F792152E83B1}.Release|Any CPU.ActiveCfg = Release|Any CPU
		{A09A2271-C460-40AF-A22A-F792152E83B1}.Release|Any CPU.Build.0 = Release|Any CPU
		{809BF082-489D-48D2-97FD-A4ED6753F655}.Debug|Any CPU.ActiveCfg = Debug|Any CPU
		{809BF082-489D-48D2-97FD-A4ED6753F655}.Debug|Any CPU.Build.0 = Debug|Any CPU
		{809BF082-489D-48D2-97FD-A4ED6753F655}.Release|Any CPU.ActiveCfg = Release|Any CPU
		{809BF082-489D-48D2-97FD-A4ED6753F655}.Release|Any CPU.Build.0 = Release|Any CPU
	EndGlobalSection
	GlobalSection(SolutionProperties) = preSolution
		HideSolutionNode = FALSE
	EndGlobalSection
	GlobalSection(ExtensibilityGlobals) = postSolution
		SolutionGuid = {9BF285E4-3A4F-4D81-917D-E7CCED3877DE}
	EndGlobalSection
EndGlobal
